
Microsoft Visual Studio Solution File, Format Version 12.00
# Visual Studio Version 17
VisualStudioVersion = 17.7.34302.85
MinimumVisualStudioVersion = 10.0.40219.1
Project("{9A19103F-16F7-4668-BE54-9A1E7A4F7556}") = "AoC_d01p1", "AoC_d1p1\AoC_d01p1.csproj", "{DB66DDDE-F6F6-44AD-BCD4-4649122968B3}"
EndProject
Project("{9A19103F-16F7-4668-BE54-9A1E7A4F7556}") = "AoC_d01p2", "AoC_d1p2\AoC_d01p2.csproj", "{44A39BF6-0DBB-4BF8-B584-9338E63FA562}"
EndProject
Project("{9A19103F-16F7-4668-BE54-9A1E7A4F7556}") = "AoC_d02p1", "AoC_d2p1\AoC_d02p1.csproj", "{6F7609FD-8320-43B6-92F2-1EB63E4CA0A9}"
EndProject
Project("{9A19103F-16F7-4668-BE54-9A1E7A4F7556}") = "AoC_d02p2", "AoC_d2p2\AoC_d02p2.csproj", "{494A318C-6BBD-4918-B3A2-60BF2FA14C7D}"
EndProject
Project("{9A19103F-16F7-4668-BE54-9A1E7A4F7556}") = "AoC_d05p1", "AoC_d5p1\AoC_d05p1.csproj", "{A93BF2DA-9C3C-4B5C-BD40-F819415799CA}"
EndProject
Project("{9A19103F-16F7-4668-BE54-9A1E7A4F7556}") = "AoC_d07p1", "AoC_d7p1\AoC_d07p1.csproj", "{43A29BA6-ECB4-4D65-9107-ED068A909EE6}"
EndProject
Project("{9A19103F-16F7-4668-BE54-9A1E7A4F7556}") = "AoC_d07p2", "AoC_d7p2\AoC_d07p2.csproj", "{8590343A-4FCC-44FF-B971-B6F081734A3D}"
EndProject
Project("{9A19103F-16F7-4668-BE54-9A1E7A4F7556}") = "AoC_d03p1", "AoC_d3p1\AoC_d03p1.csproj", "{E6A456C8-2E8B-4196-8141-23D5A8AC2BE5}"
EndProject
Project("{9A19103F-16F7-4668-BE54-9A1E7A4F7556}") = "AoC_d03p2", "AoC_d3p2\AoC_d03p2.csproj", "{0653D6EE-9ECE-4C04-B230-26111B19E14A}"
EndProject
Project("{9A19103F-16F7-4668-BE54-9A1E7A4F7556}") = "AoC_d04p1", "AoC_d4p1\AoC_d04p1.csproj", "{7BAA1EDC-6CE7-4AA4-9534-634B7EA60B0C}"
EndProject
Project("{9A19103F-16F7-4668-BE54-9A1E7A4F7556}") = "AoC_d04p2", "AoC_d4p2\AoC_d04p2.csproj", "{9FA6CBBE-810C-46F5-BB2C-BFC16DD54C82}"
EndProject
Project("{9A19103F-16F7-4668-BE54-9A1E7A4F7556}") = "AoC_d06p1", "AoC_d6p1\AoC_d06p1.csproj", "{21857BF2-7C4B-4BF8-80E1-43971EB013D4}"
EndProject
Project("{9A19103F-16F7-4668-BE54-9A1E7A4F7556}") = "AoC_d06p2", "AoC_d6p2\AoC_d06p2.csproj", "{E9669555-1BFD-484B-BA25-5244DBA65762}"
EndProject
Project("{9A19103F-16F7-4668-BE54-9A1E7A4F7556}") = "AoC_d08p1", "AoC_d8p1\AoC_d08p1.csproj", "{9E2F5D52-7E85-40D5-ACE0-145478C30705}"
EndProject
Project("{9A19103F-16F7-4668-BE54-9A1E7A4F7556}") = "AoC_d09p1", "AoC_d9p1\AoC_d09p1.csproj", "{A6FA732E-9B44-4B89-8358-976616307725}"
EndProject
Project("{9A19103F-16F7-4668-BE54-9A1E7A4F7556}") = "AoC_d09p2", "AoC_d9p2\AoC_d09p2.csproj", "{01B4B5EB-CB0E-403B-879F-4B09D3AFAF7E}"
EndProject
Project("{FAE04EC0-301F-11D3-BF4B-00C04F79EFBC}") = "AoC_d10p1", "AoC_d10p1\AoC_d10p1.csproj", "{C6B29BE4-F52A-408B-81F0-3A5056314B66}"
EndProject
Global
	GlobalSection(SolutionConfigurationPlatforms) = preSolution
		Debug|Any CPU = Debug|Any CPU
		Release|Any CPU = Release|Any CPU
	EndGlobalSection
	GlobalSection(ProjectConfigurationPlatforms) = postSolution
		{DB66DDDE-F6F6-44AD-BCD4-4649122968B3}.Debug|Any CPU.ActiveCfg = Debug|Any CPU
		{DB66DDDE-F6F6-44AD-BCD4-4649122968B3}.Debug|Any CPU.Build.0 = Debug|Any CPU
		{DB66DDDE-F6F6-44AD-BCD4-4649122968B3}.Release|Any CPU.ActiveCfg = Release|Any CPU
		{DB66DDDE-F6F6-44AD-BCD4-4649122968B3}.Release|Any CPU.Build.0 = Release|Any CPU
		{44A39BF6-0DBB-4BF8-B584-9338E63FA562}.Debug|Any CPU.ActiveCfg = Debug|Any CPU
		{44A39BF6-0DBB-4BF8-B584-9338E63FA562}.Debug|Any CPU.Build.0 = Debug|Any CPU
		{44A39BF6-0DBB-4BF8-B584-9338E63FA562}.Release|Any CPU.ActiveCfg = Release|Any CPU
		{44A39BF6-0DBB-4BF8-B584-9338E63FA562}.Release|Any CPU.Build.0 = Release|Any CPU
		{6F7609FD-8320-43B6-92F2-1EB63E4CA0A9}.Debug|Any CPU.ActiveCfg = Debug|Any CPU
		{6F7609FD-8320-43B6-92F2-1EB63E4CA0A9}.Debug|Any CPU.Build.0 = Debug|Any CPU
		{6F7609FD-8320-43B6-92F2-1EB63E4CA0A9}.Release|Any CPU.ActiveCfg = Release|Any CPU
		{6F7609FD-8320-43B6-92F2-1EB63E4CA0A9}.Release|Any CPU.Build.0 = Release|Any CPU
		{494A318C-6BBD-4918-B3A2-60BF2FA14C7D}.Debug|Any CPU.ActiveCfg = Debug|Any CPU
		{494A318C-6BBD-4918-B3A2-60BF2FA14C7D}.Debug|Any CPU.Build.0 = Debug|Any CPU
		{494A318C-6BBD-4918-B3A2-60BF2FA14C7D}.Release|Any CPU.ActiveCfg = Release|Any CPU
		{494A318C-6BBD-4918-B3A2-60BF2FA14C7D}.Release|Any CPU.Build.0 = Release|Any CPU
		{A93BF2DA-9C3C-4B5C-BD40-F819415799CA}.Debug|Any CPU.ActiveCfg = Debug|Any CPU
		{A93BF2DA-9C3C-4B5C-BD40-F819415799CA}.Debug|Any CPU.Build.0 = Debug|Any CPU
		{A93BF2DA-9C3C-4B5C-BD40-F819415799CA}.Release|Any CPU.ActiveCfg = Release|Any CPU
		{A93BF2DA-9C3C-4B5C-BD40-F819415799CA}.Release|Any CPU.Build.0 = Release|Any CPU
		{43A29BA6-ECB4-4D65-9107-ED068A909EE6}.Debug|Any CPU.ActiveCfg = Debug|Any CPU
		{43A29BA6-ECB4-4D65-9107-ED068A909EE6}.Debug|Any CPU.Build.0 = Debug|Any CPU
		{43A29BA6-ECB4-4D65-9107-ED068A909EE6}.Release|Any CPU.ActiveCfg = Release|Any CPU
		{43A29BA6-ECB4-4D65-9107-ED068A909EE6}.Release|Any CPU.Build.0 = Release|Any CPU
		{8590343A-4FCC-44FF-B971-B6F081734A3D}.Debug|Any CPU.ActiveCfg = Debug|Any CPU
		{8590343A-4FCC-44FF-B971-B6F081734A3D}.Debug|Any CPU.Build.0 = Debug|Any CPU
		{8590343A-4FCC-44FF-B971-B6F081734A3D}.Release|Any CPU.ActiveCfg = Release|Any CPU
		{8590343A-4FCC-44FF-B971-B6F081734A3D}.Release|Any CPU.Build.0 = Release|Any CPU
		{E6A456C8-2E8B-4196-8141-23D5A8AC2BE5}.Debug|Any CPU.ActiveCfg = Debug|Any CPU
		{E6A456C8-2E8B-4196-8141-23D5A8AC2BE5}.Debug|Any CPU.Build.0 = Debug|Any CPU
		{E6A456C8-2E8B-4196-8141-23D5A8AC2BE5}.Release|Any CPU.ActiveCfg = Release|Any CPU
		{E6A456C8-2E8B-4196-8141-23D5A8AC2BE5}.Release|Any CPU.Build.0 = Release|Any CPU
		{0653D6EE-9ECE-4C04-B230-26111B19E14A}.Debug|Any CPU.ActiveCfg = Debug|Any CPU
		{0653D6EE-9ECE-4C04-B230-26111B19E14A}.Debug|Any CPU.Build.0 = Debug|Any CPU
		{0653D6EE-9ECE-4C04-B230-26111B19E14A}.Release|Any CPU.ActiveCfg = Release|Any CPU
		{0653D6EE-9ECE-4C04-B230-26111B19E14A}.Release|Any CPU.Build.0 = Release|Any CPU
		{7BAA1EDC-6CE7-4AA4-9534-634B7EA60B0C}.Debug|Any CPU.ActiveCfg = Debug|Any CPU
		{7BAA1EDC-6CE7-4AA4-9534-634B7EA60B0C}.Debug|Any CPU.Build.0 = Debug|Any CPU
		{7BAA1EDC-6CE7-4AA4-9534-634B7EA60B0C}.Release|Any CPU.ActiveCfg = Release|Any CPU
		{7BAA1EDC-6CE7-4AA4-9534-634B7EA60B0C}.Release|Any CPU.Build.0 = Release|Any CPU
		{9FA6CBBE-810C-46F5-BB2C-BFC16DD54C82}.Debug|Any CPU.ActiveCfg = Debug|Any CPU
		{9FA6CBBE-810C-46F5-BB2C-BFC16DD54C82}.Debug|Any CPU.Build.0 = Debug|Any CPU
		{9FA6CBBE-810C-46F5-BB2C-BFC16DD54C82}.Release|Any CPU.ActiveCfg = Release|Any CPU
		{9FA6CBBE-810C-46F5-BB2C-BFC16DD54C82}.Release|Any CPU.Build.0 = Release|Any CPU
		{21857BF2-7C4B-4BF8-80E1-43971EB013D4}.Debug|Any CPU.ActiveCfg = Debug|Any CPU
		{21857BF2-7C4B-4BF8-80E1-43971EB013D4}.Debug|Any CPU.Build.0 = Debug|Any CPU
		{21857BF2-7C4B-4BF8-80E1-43971EB013D4}.Release|Any CPU.ActiveCfg = Release|Any CPU
		{21857BF2-7C4B-4BF8-80E1-43971EB013D4}.Release|Any CPU.Build.0 = Release|Any CPU
		{E9669555-1BFD-484B-BA25-5244DBA65762}.Debug|Any CPU.ActiveCfg = Debug|Any CPU
		{E9669555-1BFD-484B-BA25-5244DBA65762}.Debug|Any CPU.Build.0 = Debug|Any CPU
		{E9669555-1BFD-484B-BA25-5244DBA65762}.Release|Any CPU.ActiveCfg = Release|Any CPU
		{E9669555-1BFD-484B-BA25-5244DBA65762}.Release|Any CPU.Build.0 = Release|Any CPU
		{9E2F5D52-7E85-40D5-ACE0-145478C30705}.Debug|Any CPU.ActiveCfg = Debug|Any CPU
		{9E2F5D52-7E85-40D5-ACE0-145478C30705}.Debug|Any CPU.Build.0 = Debug|Any CPU
		{9E2F5D52-7E85-40D5-ACE0-145478C30705}.Release|Any CPU.ActiveCfg = Release|Any CPU
		{9E2F5D52-7E85-40D5-ACE0-145478C30705}.Release|Any CPU.Build.0 = Release|Any CPU
		{A6FA732E-9B44-4B89-8358-976616307725}.Debug|Any CPU.ActiveCfg = Debug|Any CPU
		{A6FA732E-9B44-4B89-8358-976616307725}.Debug|Any CPU.Build.0 = Debug|Any CPU
		{A6FA732E-9B44-4B89-8358-976616307725}.Release|Any CPU.ActiveCfg = Release|Any CPU
		{A6FA732E-9B44-4B89-8358-976616307725}.Release|Any CPU.Build.0 = Release|Any CPU
		{01B4B5EB-CB0E-403B-879F-4B09D3AFAF7E}.Debug|Any CPU.ActiveCfg = Debug|Any CPU
		{01B4B5EB-CB0E-403B-879F-4B09D3AFAF7E}.Debug|Any CPU.Build.0 = Debug|Any CPU
		{01B4B5EB-CB0E-403B-879F-4B09D3AFAF7E}.Release|Any CPU.ActiveCfg = Release|Any CPU
		{01B4B5EB-CB0E-403B-879F-4B09D3AFAF7E}.Release|Any CPU.Build.0 = Release|Any CPU
		{C6B29BE4-F52A-408B-81F0-3A5056314B66}.Debug|Any CPU.ActiveCfg = Debug|Any CPU
		{C6B29BE4-F52A-408B-81F0-3A5056314B66}.Debug|Any CPU.Build.0 = Debug|Any CPU
		{C6B29BE4-F52A-408B-81F0-3A5056314B66}.Release|Any CPU.ActiveCfg = Release|Any CPU
		{C6B29BE4-F52A-408B-81F0-3A5056314B66}.Release|Any CPU.Build.0 = Release|Any CPU
	EndGlobalSection
	GlobalSection(SolutionProperties) = preSolution
		HideSolutionNode = FALSE
	EndGlobalSection
	GlobalSection(ExtensibilityGlobals) = postSolution
		SolutionGuid = {A203E26E-CFCF-4FC3-8A7A-0F1140034999}
	EndGlobalSection
EndGlobal
