
Microsoft Visual Studio Solution File, Format Version 12.00
# Visual Studio Version 17
VisualStudioVersion = 17.11.35327.3
MinimumVisualStudioVersion = 10.0.40219.1
Project("{9A19103F-16F7-4668-BE54-9A1E7A4F7556}") = "AoC_24_d1_1", "AoC_24_d1_1\AoC_24_d1_1.csproj", "{C2569E75-4AE1-431B-9124-0E56D7735463}"
EndProject
Project("{9A19103F-16F7-4668-BE54-9A1E7A4F7556}") = "AoC_24_d1_2", "AoC24_d1_2\AoC_24_d1_2.csproj", "{5D8B3FA3-FBB4-4465-B21B-D8E5CACF58C5}"
EndProject
Project("{9A19103F-16F7-4668-BE54-9A1E7A4F7556}") = "AoC_24_d2_1", "AoC_24_d2_1\AoC_24_d2_1.csproj", "{F62998ED-06A8-4337-B85B-D76D3ACDF0F2}"
EndProject
Project("{9A19103F-16F7-4668-BE54-9A1E7A4F7556}") = "AoC_24_d2_2", "AoC_24_d2_2\AoC_24_d2_2.csproj", "{DDBABB28-B1DB-484F-B3D7-0C2A767D93DA}"
EndProject
Project("{9A19103F-16F7-4668-BE54-9A1E7A4F7556}") = "AoC_24_d3_1", "AoC_24_d3_1\AoC_24_d3_1.csproj", "{6FF54B71-D947-45FD-800E-E36118524A38}"
EndProject
Project("{9A19103F-16F7-4668-BE54-9A1E7A4F7556}") = "AoC_24_d3_2", "AoC_24_d3_2\AoC_24_d3_2.csproj", "{05A68FAA-85A1-417F-978F-DAEA04986FAB}"
EndProject
Project("{9A19103F-16F7-4668-BE54-9A1E7A4F7556}") = "AoC_24_d4_1", "AoC_24_d4_1\AoC_24_d4_1.csproj", "{89094CA3-1E54-4E9C-B58D-4BEC3017CEFD}"
EndProject
Project("{9A19103F-16F7-4668-BE54-9A1E7A4F7556}") = "AoC_24_d4_2", "AoC_24_d4_2\AoC_24_d4_2.csproj", "{B8900932-E68D-444B-B425-03D623F2860C}"
EndProject
Project("{9A19103F-16F7-4668-BE54-9A1E7A4F7556}") = "AoC_24_d5_1", "AoC_24_d5_1\AoC_24_d5_1.csproj", "{43E279F3-358C-4778-92AC-F3A7EA63BC2F}"
EndProject
Project("{FAE04EC0-301F-11D3-BF4B-00C04F79EFBC}") = "AoC_24_d5_2", "AoC_24_d5_2\AoC_24_d5_2.csproj", "{DF04A794-1012-4A9F-8B41-2FC31D8085BC}"
EndProject
Project("{FAE04EC0-301F-11D3-BF4B-00C04F79EFBC}") = "AoC_24_d6_1", "AoC_24_d6_1\AoC_24_d6_1.csproj", "{FC6FFC70-286D-4C1D-931F-B81E239CC5E5}"
EndProject
Project("{FAE04EC0-301F-11D3-BF4B-00C04F79EFBC}") = "AoC_24_d7_1", "AoC_24_d7_1\AoC_24_d7_1.csproj", "{B29E8DDE-8AA3-4AC1-8E7C-735CFE80A64A}"
EndProject
Project("{FAE04EC0-301F-11D3-BF4B-00C04F79EFBC}") = "AoC_24_d8_1", "AoC_24_d8_1\AoC_24_d8_1.csproj", "{9ECC2295-4023-41FE-A786-A9A80F250D16}"
EndProject
Global
	GlobalSection(SolutionConfigurationPlatforms) = preSolution
		Debug|Any CPU = Debug|Any CPU
		Release|Any CPU = Release|Any CPU
	EndGlobalSection
	GlobalSection(ProjectConfigurationPlatforms) = postSolution
		{C2569E75-4AE1-431B-9124-0E56D7735463}.Debug|Any CPU.ActiveCfg = Debug|Any CPU
		{C2569E75-4AE1-431B-9124-0E56D7735463}.Debug|Any CPU.Build.0 = Debug|Any CPU
		{C2569E75-4AE1-431B-9124-0E56D7735463}.Release|Any CPU.ActiveCfg = Release|Any CPU
		{C2569E75-4AE1-431B-9124-0E56D7735463}.Release|Any CPU.Build.0 = Release|Any CPU
		{5D8B3FA3-FBB4-4465-B21B-D8E5CACF58C5}.Debug|Any CPU.ActiveCfg = Debug|Any CPU
		{5D8B3FA3-FBB4-4465-B21B-D8E5CACF58C5}.Debug|Any CPU.Build.0 = Debug|Any CPU
		{5D8B3FA3-FBB4-4465-B21B-D8E5CACF58C5}.Release|Any CPU.ActiveCfg = Release|Any CPU
		{5D8B3FA3-FBB4-4465-B21B-D8E5CACF58C5}.Release|Any CPU.Build.0 = Release|Any CPU
		{F62998ED-06A8-4337-B85B-D76D3ACDF0F2}.Debug|Any CPU.ActiveCfg = Debug|Any CPU
		{F62998ED-06A8-4337-B85B-D76D3ACDF0F2}.Debug|Any CPU.Build.0 = Debug|Any CPU
		{F62998ED-06A8-4337-B85B-D76D3ACDF0F2}.Release|Any CPU.ActiveCfg = Release|Any CPU
		{F62998ED-06A8-4337-B85B-D76D3ACDF0F2}.Release|Any CPU.Build.0 = Release|Any CPU
		{DDBABB28-B1DB-484F-B3D7-0C2A767D93DA}.Debug|Any CPU.ActiveCfg = Debug|Any CPU
		{DDBABB28-B1DB-484F-B3D7-0C2A767D93DA}.Debug|Any CPU.Build.0 = Debug|Any CPU
		{DDBABB28-B1DB-484F-B3D7-0C2A767D93DA}.Release|Any CPU.ActiveCfg = Release|Any CPU
		{DDBABB28-B1DB-484F-B3D7-0C2A767D93DA}.Release|Any CPU.Build.0 = Release|Any CPU
		{6FF54B71-D947-45FD-800E-E36118524A38}.Debug|Any CPU.ActiveCfg = Debug|Any CPU
		{6FF54B71-D947-45FD-800E-E36118524A38}.Debug|Any CPU.Build.0 = Debug|Any CPU
		{6FF54B71-D947-45FD-800E-E36118524A38}.Release|Any CPU.ActiveCfg = Release|Any CPU
		{6FF54B71-D947-45FD-800E-E36118524A38}.Release|Any CPU.Build.0 = Release|Any CPU
		{05A68FAA-85A1-417F-978F-DAEA04986FAB}.Debug|Any CPU.ActiveCfg = Debug|Any CPU
		{05A68FAA-85A1-417F-978F-DAEA04986FAB}.Debug|Any CPU.Build.0 = Debug|Any CPU
		{05A68FAA-85A1-417F-978F-DAEA04986FAB}.Release|Any CPU.ActiveCfg = Release|Any CPU
		{05A68FAA-85A1-417F-978F-DAEA04986FAB}.Release|Any CPU.Build.0 = Release|Any CPU
		{89094CA3-1E54-4E9C-B58D-4BEC3017CEFD}.Debug|Any CPU.ActiveCfg = Debug|Any CPU
		{89094CA3-1E54-4E9C-B58D-4BEC3017CEFD}.Debug|Any CPU.Build.0 = Debug|Any CPU
		{89094CA3-1E54-4E9C-B58D-4BEC3017CEFD}.Release|Any CPU.ActiveCfg = Release|Any CPU
		{89094CA3-1E54-4E9C-B58D-4BEC3017CEFD}.Release|Any CPU.Build.0 = Release|Any CPU
		{B8900932-E68D-444B-B425-03D623F2860C}.Debug|Any CPU.ActiveCfg = Debug|Any CPU
		{B8900932-E68D-444B-B425-03D623F2860C}.Debug|Any CPU.Build.0 = Debug|Any CPU
		{B8900932-E68D-444B-B425-03D623F2860C}.Release|Any CPU.ActiveCfg = Release|Any CPU
		{B8900932-E68D-444B-B425-03D623F2860C}.Release|Any CPU.Build.0 = Release|Any CPU
		{43E279F3-358C-4778-92AC-F3A7EA63BC2F}.Debug|Any CPU.ActiveCfg = Debug|Any CPU
		{43E279F3-358C-4778-92AC-F3A7EA63BC2F}.Debug|Any CPU.Build.0 = Debug|Any CPU
		{43E279F3-358C-4778-92AC-F3A7EA63BC2F}.Release|Any CPU.ActiveCfg = Release|Any CPU
		{43E279F3-358C-4778-92AC-F3A7EA63BC2F}.Release|Any CPU.Build.0 = Release|Any CPU
		{DF04A794-1012-4A9F-8B41-2FC31D8085BC}.Debug|Any CPU.ActiveCfg = Debug|Any CPU
		{DF04A794-1012-4A9F-8B41-2FC31D8085BC}.Debug|Any CPU.Build.0 = Debug|Any CPU
		{DF04A794-1012-4A9F-8B41-2FC31D8085BC}.Release|Any CPU.ActiveCfg = Release|Any CPU
		{DF04A794-1012-4A9F-8B41-2FC31D8085BC}.Release|Any CPU.Build.0 = Release|Any CPU
		{FC6FFC70-286D-4C1D-931F-B81E239CC5E5}.Debug|Any CPU.ActiveCfg = Debug|Any CPU
		{FC6FFC70-286D-4C1D-931F-B81E239CC5E5}.Debug|Any CPU.Build.0 = Debug|Any CPU
		{FC6FFC70-286D-4C1D-931F-B81E239CC5E5}.Release|Any CPU.ActiveCfg = Release|Any CPU
		{FC6FFC70-286D-4C1D-931F-B81E239CC5E5}.Release|Any CPU.Build.0 = Release|Any CPU
		{B29E8DDE-8AA3-4AC1-8E7C-735CFE80A64A}.Debug|Any CPU.ActiveCfg = Debug|Any CPU
		{B29E8DDE-8AA3-4AC1-8E7C-735CFE80A64A}.Debug|Any CPU.Build.0 = Debug|Any CPU
		{B29E8DDE-8AA3-4AC1-8E7C-735CFE80A64A}.Release|Any CPU.ActiveCfg = Release|Any CPU
		{B29E8DDE-8AA3-4AC1-8E7C-735CFE80A64A}.Release|Any CPU.Build.0 = Release|Any CPU
		{9ECC2295-4023-41FE-A786-A9A80F250D16}.Debug|Any CPU.ActiveCfg = Debug|Any CPU
		{9ECC2295-4023-41FE-A786-A9A80F250D16}.Debug|Any CPU.Build.0 = Debug|Any CPU
		{9ECC2295-4023-41FE-A786-A9A80F250D16}.Release|Any CPU.ActiveCfg = Release|Any CPU
		{9ECC2295-4023-41FE-A786-A9A80F250D16}.Release|Any CPU.Build.0 = Release|Any CPU
	EndGlobalSection
	GlobalSection(SolutionProperties) = preSolution
		HideSolutionNode = FALSE
	EndGlobalSection
	GlobalSection(ExtensibilityGlobals) = postSolution
		SolutionGuid = {C9B8BF57-71B7-4AB4-9604-9FC9B173C923}
	EndGlobalSection
EndGlobal
